
Microsoft Visual Studio Solution File, Format Version 12.00
# Visual Studio 15
VisualStudioVersion = 15.0.28307.271
MinimumVisualStudioVersion = 10.0.40219.1
Project("{8BC9CEB8-8B4A-11D0-8D11-00A0C91BC942}") = "Pb13_RSA", "Pb13_RSA\Pb13_RSA.vcxproj", "{7DFE3812-77D8-43E8-B749-3DFC33CA43F2}"
EndProject
Global
	GlobalSection(SolutionConfigurationPlatforms) = preSolution
		Debug|x64 = Debug|x64
		Debug|x86 = Debug|x86
		Release|x64 = Release|x64
		Release|x86 = Release|x86
	EndGlobalSection
	GlobalSection(ProjectConfigurationPlatforms) = postSolution
		{7DFE3812-77D8-43E8-B749-3DFC33CA43F2}.Debug|x64.ActiveCfg = Debug|x64
		{7DFE3812-77D8-43E8-B749-3DFC33CA43F2}.Debug|x64.Build.0 = Debug|x64
		{7DFE3812-77D8-43E8-B749-3DFC33CA43F2}.Debug|x86.ActiveCfg = Debug|Win32
		{7DFE3812-77D8-43E8-B749-3DFC33CA43F2}.Debug|x86.Build.0 = Debug|Win32
		{7DFE3812-77D8-43E8-B749-3DFC33CA43F2}.Release|x64.ActiveCfg = Release|x64
		{7DFE3812-77D8-43E8-B749-3DFC33CA43F2}.Release|x64.Build.0 = Release|x64
		{7DFE3812-77D8-43E8-B749-3DFC33CA43F2}.Release|x86.ActiveCfg = Release|Win32
		{7DFE3812-77D8-43E8-B749-3DFC33CA43F2}.Release|x86.Build.0 = Release|Win32
	EndGlobalSection
	GlobalSection(SolutionProperties) = preSolution
		HideSolutionNode = FALSE
	EndGlobalSection
	GlobalSection(ExtensibilityGlobals) = postSolution
		SolutionGuid = {E63829D8-9A63-4D23-8C7E-8068C870EE08}
	EndGlobalSection
EndGlobal
